
Microsoft Visual Studio Solution File, Format Version 12.00
# Visual Studio Version 16
VisualStudioVersion = 16.0.32228.343
MinimumVisualStudioVersion = 10.0.40219.1
Project("{FAE04EC0-301F-11D3-BF4B-00C04F79EFBC}") = "Homework01042022", "Homework01042022\Homework01042022.csproj", "{8447F279-CD1D-40C3-A4FC-8CA373B07DA6}"
EndProject
Global
	GlobalSection(SolutionConfigurationPlatforms) = preSolution
		Debug|Any CPU = Debug|Any CPU
		Release|Any CPU = Release|Any CPU
	EndGlobalSection
	GlobalSection(ProjectConfigurationPlatforms) = postSolution
		{8447F279-CD1D-40C3-A4FC-8CA373B07DA6}.Debug|Any CPU.ActiveCfg = Debug|Any CPU
		{8447F279-CD1D-40C3-A4FC-8CA373B07DA6}.Debug|Any CPU.Build.0 = Debug|Any CPU
		{8447F279-CD1D-40C3-A4FC-8CA373B07DA6}.Release|Any CPU.ActiveCfg = Release|Any CPU
		{8447F279-CD1D-40C3-A4FC-8CA373B07DA6}.Release|Any CPU.Build.0 = Release|Any CPU
	EndGlobalSection
	GlobalSection(SolutionProperties) = preSolution
		HideSolutionNode = FALSE
	EndGlobalSection
	GlobalSection(ExtensibilityGlobals) = postSolution
		SolutionGuid = {484B58D3-22B0-4E08-B719-721D5ED7BC76}
	EndGlobalSection
EndGlobal
